Microsoft Visual Studio Solution File, Format Version 11.00
# Visual Studio 2008

Project("{5C0DD68C-0989-AEAF-7093-B86172C28579}") = "Pause Menu Assetstore", "Assembly-CSharp.csproj", "{EBCCCF4D-46E7-7F7B-565A-2A96AA37B22B}"
EndProject
Global
	GlobalSection(SolutionConfigurationPlatforms) = preSolution
		Debug|Any CPU = Debug|Any CPU
		Release|Any CPU = Release|Any CPU
	EndGlobalSection
	GlobalSection(ProjectConfigurationPlatforms) = postSolution
		{EBCCCF4D-46E7-7F7B-565A-2A96AA37B22B}.Debug|Any CPU.ActiveCfg = Debug|Any CPU
		{EBCCCF4D-46E7-7F7B-565A-2A96AA37B22B}.Debug|Any CPU.Build.0 = Debug|Any CPU
		{EBCCCF4D-46E7-7F7B-565A-2A96AA37B22B}.Release|Any CPU.ActiveCfg = Release|Any CPU
		{EBCCCF4D-46E7-7F7B-565A-2A96AA37B22B}.Release|Any CPU.Build.0 = Release|Any CPU
	EndGlobalSection
	GlobalSection(SolutionProperties) = preSolution
		HideSolutionNode = FALSE
	EndGlobalSection
	GlobalSection(MonoDevelopProperties) = preSolution
		StartupItem = Assembly-CSharp.csproj
	EndGlobalSection
EndGlobal
